
Microsoft Visual Studio Solution File, Format Version 12.00
# Visual Studio 14
VisualStudioVersion = 14.0.25420.1
MinimumVisualStudioVersion = 10.0.40219.1
Project("{FAE04EC0-301F-11D3-BF4B-00C04F79EFBC}") = "WeatherApp.Droid", "WeatherApp\WeatherApp.Droid\WeatherApp.Droid.csproj", "{F7A623AC-B5F8-4B87-839F-0B5AA6FD20CC}"
EndProject
Project("{FAE04EC0-301F-11D3-BF4B-00C04F79EFBC}") = "WeatherApp.iOS", "WeatherApp\WeatherApp.iOS\WeatherApp.iOS.csproj", "{647198D5-5226-45EF-91CC-630F17CABEFC}"
EndProject
Project("{FAE04EC0-301F-11D3-BF4B-00C04F79EFBC}") = "WeatherApp.WinPhone", "WeatherApp\WeatherApp.WinPhone\WeatherApp.WinPhone.csproj", "{BBA6614F-275C-4CF5-A4B8-590851294983}"
EndProject
Project("{FAE04EC0-301F-11D3-BF4B-00C04F79EFBC}") = "WeatherApp.UWP", "WeatherApp\WeatherApp.UWP\WeatherApp.UWP.csproj", "{076299AD-AF1C-45FB-9184-532CEE064BE3}"
EndProject
Project("{FAE04EC0-301F-11D3-BF4B-00C04F79EFBC}") = "WeatherApp.Windows", "WeatherApp\WeatherApp.Windows\WeatherApp.Windows.csproj", "{EA47FD35-F377-4B8C-8065-B9EA9F02D2B6}"
EndProject
Project("{FAE04EC0-301F-11D3-BF4B-00C04F79EFBC}") = "WeatherApp", "WeatherApp\WeatherApp\WeatherApp.csproj", "{9E8D1A07-CA77-43BF-8195-57BBE959F81B}"
EndProject
Global
	GlobalSection(SolutionConfigurationPlatforms) = preSolution
		Ad-Hoc|Any CPU = Ad-Hoc|Any CPU
		Ad-Hoc|ARM = Ad-Hoc|ARM
		Ad-Hoc|iPhone = Ad-Hoc|iPhone
		Ad-Hoc|iPhoneSimulator = Ad-Hoc|iPhoneSimulator
		Ad-Hoc|x64 = Ad-Hoc|x64
		Ad-Hoc|x86 = Ad-Hoc|x86
		AppStore|Any CPU = AppStore|Any CPU
		AppStore|ARM = AppStore|ARM
		AppStore|iPhone = AppStore|iPhone
		AppStore|iPhoneSimulator = AppStore|iPhoneSimulator
		AppStore|x64 = AppStore|x64
		AppStore|x86 = AppStore|x86
		Debug|Any CPU = Debug|Any CPU
		Debug|ARM = Debug|ARM
		Debug|iPhone = Debug|iPhone
		Debug|iPhoneSimulator = Debug|iPhoneSimulator
		Debug|x64 = Debug|x64
		Debug|x86 = Debug|x86
		Release|Any CPU = Release|Any CPU
		Release|ARM = Release|ARM
		Release|iPhone = Release|iPhone
		Release|iPhoneSimulator = Release|iPhoneSimulator
		Release|x64 = Release|x64
		Release|x86 = Release|x86
	EndGlobalSection
	GlobalSection(ProjectConfigurationPlatforms) = postSolution
		{F7A623AC-B5F8-4B87-839F-0B5AA6FD20CC}.Ad-Hoc|Any CPU.ActiveCfg = Release|Any CPU
		{F7A623AC-B5F8-4B87-839F-0B5AA6FD20CC}.Ad-Hoc|Any CPU.Build.0 = Release|Any CPU
		{F7A623AC-B5F8-4B87-839F-0B5AA6FD20CC}.Ad-Hoc|Any CPU.Deploy.0 = Release|Any CPU
		{F7A623AC-B5F8-4B87-839F-0B5AA6FD20CC}.Ad-Hoc|ARM.ActiveCfg = Release|Any CPU
		{F7A623AC-B5F8-4B87-839F-0B5AA6FD20CC}.Ad-Hoc|ARM.Build.0 = Release|Any CPU
		{F7A623AC-B5F8-4B87-839F-0B5AA6FD20CC}.Ad-Hoc|ARM.Deploy.0 = Release|Any CPU
		{F7A623AC-B5F8-4B87-839F-0B5AA6FD20CC}.Ad-Hoc|iPhone.ActiveCfg = Release|Any CPU
		{F7A623AC-B5F8-4B87-839F-0B5AA6FD20CC}.Ad-Hoc|iPhone.Build.0 = Release|Any CPU
		{F7A623AC-B5F8-4B87-839F-0B5AA6FD20CC}.Ad-Hoc|iPhone.Deploy.0 = Release|Any CPU
		{F7A623AC-B5F8-4B87-839F-0B5AA6FD20CC}.Ad-Hoc|iPhoneSimulator.ActiveCfg = Release|Any CPU
		{F7A623AC-B5F8-4B87-839F-0B5AA6FD20CC}.Ad-Hoc|iPhoneSimulator.Build.0 = Release|Any CPU
		{F7A623AC-B5F8-4B87-839F-0B5AA6FD20CC}.Ad-Hoc|iPhoneSimulator.Deploy.0 = Release|Any CPU
		{F7A623AC-B5F8-4B87-839F-0B5AA6FD20CC}.Ad-Hoc|x64.ActiveCfg = Release|Any CPU
		{F7A623AC-B5F8-4B87-839F-0B5AA6FD20CC}.Ad-Hoc|x64.Build.0 = Release|Any CPU
		{F7A623AC-B5F8-4B87-839F-0B5AA6FD20CC}.Ad-Hoc|x64.Deploy.0 = Release|Any CPU
		{F7A623AC-B5F8-4B87-839F-0B5AA6FD20CC}.Ad-Hoc|x86.ActiveCfg = Release|Any CPU
		{F7A623AC-B5F8-4B87-839F-0B5AA6FD20CC}.Ad-Hoc|x86.Build.0 = Release|Any CPU
		{F7A623AC-B5F8-4B87-839F-0B5AA6FD20CC}.Ad-Hoc|x86.Deploy.0 = Release|Any CPU
		{F7A623AC-B5F8-4B87-839F-0B5AA6FD20CC}.AppStore|Any CPU.ActiveCfg = Release|Any CPU
		{F7A623AC-B5F8-4B87-839F-0B5AA6FD20CC}.AppStore|Any CPU.Build.0 = Release|Any CPU
		{F7A623AC-B5F8-4B87-839F-0B5AA6FD20CC}.AppStore|Any CPU.Deploy.0 = Release|Any CPU
		{F7A623AC-B5F8-4B87-839F-0B5AA6FD20CC}.AppStore|ARM.ActiveCfg = Release|Any CPU
		{F7A623AC-B5F8-4B87-839F-0B5AA6FD20CC}.AppStore|ARM.Build.0 = Release|Any CPU
		{F7A623AC-B5F8-4B87-839F-0B5AA6FD20CC}.AppStore|ARM.Deploy.0 = Release|Any CPU
		{F7A623AC-B5F8-4B87-839F-0B5AA6FD20CC}.AppStore|iPhone.ActiveCfg = Release|Any CPU
		{F7A623AC-B5F8-4B87-839F-0B5AA6FD20CC}.AppStore|iPhone.Build.0 = Release|Any CPU
		{F7A623AC-B5F8-4B87-839F-0B5AA6FD20CC}.AppStore|iPhone.Deploy.0 = Release|Any CPU
		{F7A623AC-B5F8-4B87-839F-0B5AA6FD20CC}.AppStore|iPhoneSimulator.ActiveCfg = Release|Any CPU
		{F7A623AC-B5F8-4B87-839F-0B5AA6FD20CC}.AppStore|iPhoneSimulator.Build.0 = Release|Any CPU
		{F7A623AC-B5F8-4B87-839F-0B5AA6FD20CC}.AppStore|iPhoneSimulator.Deploy.0 = Release|Any CPU
		{F7A623AC-B5F8-4B87-839F-0B5AA6FD20CC}.AppStore|x64.ActiveCfg = Release|Any CPU
		{F7A623AC-B5F8-4B87-839F-0B5AA6FD20CC}.AppStore|x64.Build.0 = Release|Any CPU
		{F7A623AC-B5F8-4B87-839F-0B5AA6FD20CC}.AppStore|x64.Deploy.0 = Release|Any CPU
		{F7A623AC-B5F8-4B87-839F-0B5AA6FD20CC}.AppStore|x86.ActiveCfg = Release|Any CPU
		{F7A623AC-B5F8-4B87-839F-0B5AA6FD20CC}.AppStore|x86.Build.0 = Release|Any CPU
		{F7A623AC-B5F8-4B87-839F-0B5AA6FD20CC}.AppStore|x86.Deploy.0 = Release|Any CPU
		{F7A623AC-B5F8-4B87-839F-0B5AA6FD20CC}.Debug|Any CPU.ActiveCfg = Debug|Any CPU
		{F7A623AC-B5F8-4B87-839F-0B5AA6FD20CC}.Debug|Any CPU.Build.0 = Debug|Any CPU
		{F7A623AC-B5F8-4B87-839F-0B5AA6FD20CC}.Debug|Any CPU.Deploy.0 = Debug|Any CPU
		{F7A623AC-B5F8-4B87-839F-0B5AA6FD20CC}.Debug|ARM.ActiveCfg = Debug|Any CPU
		{F7A623AC-B5F8-4B87-839F-0B5AA6FD20CC}.Debug|ARM.Build.0 = Debug|Any CPU
		{F7A623AC-B5F8-4B87-839F-0B5AA6FD20CC}.Debug|ARM.Deploy.0 = Debug|Any CPU
		{F7A623AC-B5F8-4B87-839F-0B5AA6FD20CC}.Debug|iPhone.ActiveCfg = Debug|Any CPU
		{F7A623AC-B5F8-4B87-839F-0B5AA6FD20CC}.Debug|iPhone.Build.0 = Debug|Any CPU
		{F7A623AC-B5F8-4B87-839F-0B5AA6FD20CC}.Debug|iPhone.Deploy.0 = Debug|Any CPU
		{F7A623AC-B5F8-4B87-839F-0B5AA6FD20CC}.Debug|iPhoneSimulator.ActiveCfg = Debug|Any CPU
		{F7A623AC-B5F8-4B87-839F-0B5AA6FD20CC}.Debug|iPhoneSimulator.Build.0 = Debug|Any CPU
		{F7A623AC-B5F8-4B87-839F-0B5AA6FD20CC}.Debug|iPhoneSimulator.Deploy.0 = Debug|Any CPU
		{F7A623AC-B5F8-4B87-839F-0B5AA6FD20CC}.Debug|x64.ActiveCfg = Debug|Any CPU
		{F7A623AC-B5F8-4B87-839F-0B5AA6FD20CC}.Debug|x64.Build.0 = Debug|Any CPU
		{F7A623AC-B5F8-4B87-839F-0B5AA6FD20CC}.Debug|x64.Deploy.0 = Debug|Any CPU
		{F7A623AC-B5F8-4B87-839F-0B5AA6FD20CC}.Debug|x86.ActiveCfg = Debug|Any CPU
		{F7A623AC-B5F8-4B87-839F-0B5AA6FD20CC}.Debug|x86.Build.0 = Debug|Any CPU
		{F7A623AC-B5F8-4B87-839F-0B5AA6FD20CC}.Debug|x86.Deploy.0 = Debug|Any CPU
		{F7A623AC-B5F8-4B87-839F-0B5AA6FD20CC}.Release|Any CPU.ActiveCfg = Release|Any CPU
		{F7A623AC-B5F8-4B87-839F-0B5AA6FD20CC}.Release|Any CPU.Build.0 = Release|Any CPU
		{F7A623AC-B5F8-4B87-839F-0B5AA6FD20CC}.Release|Any CPU.Deploy.0 = Release|Any CPU
		{F7A623AC-B5F8-4B87-839F-0B5AA6FD20CC}.Release|ARM.ActiveCfg = Release|Any CPU
		{F7A623AC-B5F8-4B87-839F-0B5AA6FD20CC}.Release|ARM.Build.0 = Release|Any CPU
		{F7A623AC-B5F8-4B87-839F-0B5AA6FD20CC}.Release|ARM.Deploy.0 = Release|Any CPU
		{F7A623AC-B5F8-4B87-839F-0B5AA6FD20CC}.Release|iPhone.ActiveCfg = Release|Any CPU
		{F7A623AC-B5F8-4B87-839F-0B5AA6FD20CC}.Release|iPhone.Build.0 = Release|Any CPU
		{F7A623AC-B5F8-4B87-839F-0B5AA6FD20CC}.Release|iPhone.Deploy.0 = Release|Any CPU
		{F7A623AC-B5F8-4B87-839F-0B5AA6FD20CC}.Release|iPhoneSimulator.ActiveCfg = Release|Any CPU
		{F7A623AC-B5F8-4B87-839F-0B5AA6FD20CC}.Release|iPhoneSimulator.Build.0 = Release|Any CPU
		{F7A623AC-B5F8-4B87-839F-0B5AA6FD20CC}.Release|iPhoneSimulator.Deploy.0 = Release|Any CPU
		{F7A623AC-B5F8-4B87-839F-0B5AA6FD20CC}.Release|x64.ActiveCfg = Release|Any CPU
		{F7A623AC-B5F8-4B87-839F-0B5AA6FD20CC}.Release|x64.Build.0 = Release|Any CPU
		{F7A623AC-B5F8-4B87-839F-0B5AA6FD20CC}.Release|x64.Deploy.0 = Release|Any CPU
		{F7A623AC-B5F8-4B87-839F-0B5AA6FD20CC}.Release|x86.ActiveCfg = Release|Any CPU
		{F7A623AC-B5F8-4B87-839F-0B5AA6FD20CC}.Release|x86.Build.0 = Release|Any CPU
		{F7A623AC-B5F8-4B87-839F-0B5AA6FD20CC}.Release|x86.Deploy.0 = Release|Any CPU
		{647198D5-5226-45EF-91CC-630F17CABEFC}.Ad-Hoc|Any CPU.ActiveCfg = Ad-Hoc|iPhone
		{647198D5-5226-45EF-91CC-630F17CABEFC}.Ad-Hoc|ARM.ActiveCfg = Ad-Hoc|iPhone
		{647198D5-5226-45EF-91CC-630F17CABEFC}.Ad-Hoc|iPhone.ActiveCfg = Ad-Hoc|iPhone
		{647198D5-5226-45EF-91CC-630F17CABEFC}.Ad-Hoc|iPhone.Build.0 = Ad-Hoc|iPhone
		{647198D5-5226-45EF-91CC-630F17CABEFC}.Ad-Hoc|iPhoneSimulator.ActiveCfg = Ad-Hoc|iPhoneSimulator
		{647198D5-5226-45EF-91CC-630F17CABEFC}.Ad-Hoc|iPhoneSimulator.Build.0 = Ad-Hoc|iPhoneSimulator
		{647198D5-5226-45EF-91CC-630F17CABEFC}.Ad-Hoc|x64.ActiveCfg = Ad-Hoc|iPhone
		{647198D5-5226-45EF-91CC-630F17CABEFC}.Ad-Hoc|x86.ActiveCfg = Ad-Hoc|iPhone
		{647198D5-5226-45EF-91CC-630F17CABEFC}.AppStore|Any CPU.ActiveCfg = AppStore|iPhone
		{647198D5-5226-45EF-91CC-630F17CABEFC}.AppStore|ARM.ActiveCfg = AppStore|iPhone
		{647198D5-5226-45EF-91CC-630F17CABEFC}.AppStore|iPhone.ActiveCfg = AppStore|iPhone
		{647198D5-5226-45EF-91CC-630F17CABEFC}.AppStore|iPhone.Build.0 = AppStore|iPhone
		{647198D5-5226-45EF-91CC-630F17CABEFC}.AppStore|iPhoneSimulator.ActiveCfg = AppStore|iPhoneSimulator
		{647198D5-5226-45EF-91CC-630F17CABEFC}.AppStore|iPhoneSimulator.Build.0 = AppStore|iPhoneSimulator
		{647198D5-5226-45EF-91CC-630F17CABEFC}.AppStore|x64.ActiveCfg = AppStore|iPhone
		{647198D5-5226-45EF-91CC-630F17CABEFC}.AppStore|x86.ActiveCfg = AppStore|iPhone
		{647198D5-5226-45EF-91CC-630F17CABEFC}.Debug|Any CPU.ActiveCfg = Debug|iPhone
		{647198D5-5226-45EF-91CC-630F17CABEFC}.Debug|ARM.ActiveCfg = Debug|iPhone
		{647198D5-5226-45EF-91CC-630F17CABEFC}.Debug|iPhone.ActiveCfg = Debug|iPhone
		{647198D5-5226-45EF-91CC-630F17CABEFC}.Debug|iPhone.Build.0 = Debug|iPhone
		{647198D5-5226-45EF-91CC-630F17CABEFC}.Debug|iPhoneSimulator.ActiveCfg = Debug|iPhoneSimulator
		{647198D5-5226-45EF-91CC-630F17CABEFC}.Debug|iPhoneSimulator.Build.0 = Debug|iPhoneSimulator
		{647198D5-5226-45EF-91CC-630F17CABEFC}.Debug|x64.ActiveCfg = Debug|iPhone
		{647198D5-5226-45EF-91CC-630F17CABEFC}.Debug|x86.ActiveCfg = Debug|iPhone
		{647198D5-5226-45EF-91CC-630F17CABEFC}.Release|Any CPU.ActiveCfg = Release|iPhone
		{647198D5-5226-45EF-91CC-630F17CABEFC}.Release|ARM.ActiveCfg = Release|iPhone
		{647198D5-5226-45EF-91CC-630F17CABEFC}.Release|iPhone.ActiveCfg = Release|iPhone
		{647198D5-5226-45EF-91CC-630F17CABEFC}.Release|iPhone.Build.0 = Release|iPhone
		{647198D5-5226-45EF-91CC-630F17CABEFC}.Release|iPhoneSimulator.ActiveCfg = Release|iPhoneSimulator
		{647198D5-5226-45EF-91CC-630F17CABEFC}.Release|iPhoneSimulator.Build.0 = Release|iPhoneSimulator
		{647198D5-5226-45EF-91CC-630F17CABEFC}.Release|x64.ActiveCfg = Release|iPhone
		{647198D5-5226-45EF-91CC-630F17CABEFC}.Release|x86.ActiveCfg = Release|iPhone
		{BBA6614F-275C-4CF5-A4B8-590851294983}.Ad-Hoc|Any CPU.ActiveCfg = Release|Any CPU
		{BBA6614F-275C-4CF5-A4B8-590851294983}.Ad-Hoc|Any CPU.Build.0 = Release|Any CPU
		{BBA6614F-275C-4CF5-A4B8-590851294983}.Ad-Hoc|Any CPU.Deploy.0 = Release|Any CPU
		{BBA6614F-275C-4CF5-A4B8-590851294983}.Ad-Hoc|ARM.ActiveCfg = Release|ARM
		{BBA6614F-275C-4CF5-A4B8-590851294983}.Ad-Hoc|ARM.Build.0 = Release|ARM
		{BBA6614F-275C-4CF5-A4B8-590851294983}.Ad-Hoc|ARM.Deploy.0 = Release|ARM
		{BBA6614F-275C-4CF5-A4B8-590851294983}.Ad-Hoc|iPhone.ActiveCfg = Release|Any CPU
		{BBA6614F-275C-4CF5-A4B8-590851294983}.Ad-Hoc|iPhone.Build.0 = Release|Any CPU
		{BBA6614F-275C-4CF5-A4B8-590851294983}.Ad-Hoc|iPhone.Deploy.0 = Release|Any CPU
		{BBA6614F-275C-4CF5-A4B8-590851294983}.Ad-Hoc|iPhoneSimulator.ActiveCfg = Release|Any CPU
		{BBA6614F-275C-4CF5-A4B8-590851294983}.Ad-Hoc|iPhoneSimulator.Build.0 = Release|Any CPU
		{BBA6614F-275C-4CF5-A4B8-590851294983}.Ad-Hoc|iPhoneSimulator.Deploy.0 = Release|Any CPU
		{BBA6614F-275C-4CF5-A4B8-590851294983}.Ad-Hoc|x64.ActiveCfg = Release|Any CPU
		{BBA6614F-275C-4CF5-A4B8-590851294983}.Ad-Hoc|x64.Build.0 = Release|Any CPU
		{BBA6614F-275C-4CF5-A4B8-590851294983}.Ad-Hoc|x64.Deploy.0 = Release|Any CPU
		{BBA6614F-275C-4CF5-A4B8-590851294983}.Ad-Hoc|x86.ActiveCfg = Release|x86
		{BBA6614F-275C-4CF5-A4B8-590851294983}.Ad-Hoc|x86.Build.0 = Release|x86
		{BBA6614F-275C-4CF5-A4B8-590851294983}.Ad-Hoc|x86.Deploy.0 = Release|x86
		{BBA6614F-275C-4CF5-A4B8-590851294983}.AppStore|Any CPU.ActiveCfg = Release|Any CPU
		{BBA6614F-275C-4CF5-A4B8-590851294983}.AppStore|Any CPU.Build.0 = Release|Any CPU
		{BBA6614F-275C-4CF5-A4B8-590851294983}.AppStore|Any CPU.Deploy.0 = Release|Any CPU
		{BBA6614F-275C-4CF5-A4B8-590851294983}.AppStore|ARM.ActiveCfg = Release|ARM
		{BBA6614F-275C-4CF5-A4B8-590851294983}.AppStore|ARM.Build.0 = Release|ARM
		{BBA6614F-275C-4CF5-A4B8-590851294983}.AppStore|ARM.Deploy.0 = Release|ARM
		{BBA6614F-275C-4CF5-A4B8-590851294983}.AppStore|iPhone.ActiveCfg = Release|Any CPU
		{BBA6614F-275C-4CF5-A4B8-590851294983}.AppStore|iPhone.Build.0 = Release|Any CPU
		{BBA6614F-275C-4CF5-A4B8-590851294983}.AppStore|iPhone.Deploy.0 = Release|Any CPU
		{BBA6614F-275C-4CF5-A4B8-590851294983}.AppStore|iPhoneSimulator.ActiveCfg = Release|Any CPU
		{BBA6614F-275C-4CF5-A4B8-590851294983}.AppStore|iPhoneSimulator.Build.0 = Release|Any CPU
		{BBA6614F-275C-4CF5-A4B8-590851294983}.AppStore|iPhoneSimulator.Deploy.0 = Release|Any CPU
		{BBA6614F-275C-4CF5-A4B8-590851294983}.AppStore|x64.ActiveCfg = Release|Any CPU
		{BBA6614F-275C-4CF5-A4B8-590851294983}.AppStore|x64.Build.0 = Release|Any CPU
		{BBA6614F-275C-4CF5-A4B8-590851294983}.AppStore|x64.Deploy.0 = Release|Any CPU
		{BBA6614F-275C-4CF5-A4B8-590851294983}.AppStore|x86.ActiveCfg = Release|x86
		{BBA6614F-275C-4CF5-A4B8-590851294983}.AppStore|x86.Build.0 = Release|x86
		{BBA6614F-275C-4CF5-A4B8-590851294983}.AppStore|x86.Deploy.0 = Release|x86
		{BBA6614F-275C-4CF5-A4B8-590851294983}.Debug|Any CPU.ActiveCfg = Debug|Any CPU
		{BBA6614F-275C-4CF5-A4B8-590851294983}.Debug|ARM.ActiveCfg = Debug|ARM
		{BBA6614F-275C-4CF5-A4B8-590851294983}.Debug|ARM.Build.0 = Debug|ARM
		{BBA6614F-275C-4CF5-A4B8-590851294983}.Debug|ARM.Deploy.0 = Debug|ARM
		{BBA6614F-275C-4CF5-A4B8-590851294983}.Debug|iPhone.ActiveCfg = Debug|Any CPU
		{BBA6614F-275C-4CF5-A4B8-590851294983}.Debug|iPhone.Build.0 = Debug|Any CPU
		{BBA6614F-275C-4CF5-A4B8-590851294983}.Debug|iPhone.Deploy.0 = Debug|Any CPU
		{BBA6614F-275C-4CF5-A4B8-590851294983}.Debug|iPhoneSimulator.ActiveCfg = Debug|Any CPU
		{BBA6614F-275C-4CF5-A4B8-590851294983}.Debug|iPhoneSimulator.Build.0 = Debug|Any CPU
		{BBA6614F-275C-4CF5-A4B8-590851294983}.Debug|iPhoneSimulator.Deploy.0 = Debug|Any CPU
		{BBA6614F-275C-4CF5-A4B8-590851294983}.Debug|x64.ActiveCfg = Debug|Any CPU
		{BBA6614F-275C-4CF5-A4B8-590851294983}.Debug|x64.Build.0 = Debug|Any CPU
		{BBA6614F-275C-4CF5-A4B8-590851294983}.Debug|x64.Deploy.0 = Debug|Any CPU
		{BBA6614F-275C-4CF5-A4B8-590851294983}.Debug|x86.ActiveCfg = Debug|x86
		{BBA6614F-275C-4CF5-A4B8-590851294983}.Debug|x86.Build.0 = Debug|x86
		{BBA6614F-275C-4CF5-A4B8-590851294983}.Debug|x86.Deploy.0 = Debug|x86
		{BBA6614F-275C-4CF5-A4B8-590851294983}.Release|Any CPU.ActiveCfg = Release|Any CPU
		{BBA6614F-275C-4CF5-A4B8-590851294983}.Release|Any CPU.Build.0 = Release|Any CPU
		{BBA6614F-275C-4CF5-A4B8-590851294983}.Release|Any CPU.Deploy.0 = Release|Any CPU
		{BBA6614F-275C-4CF5-A4B8-590851294983}.Release|ARM.ActiveCfg = Release|ARM
		{BBA6614F-275C-4CF5-A4B8-590851294983}.Release|ARM.Build.0 = Release|ARM
		{BBA6614F-275C-4CF5-A4B8-590851294983}.Release|ARM.Deploy.0 = Release|ARM
		{BBA6614F-275C-4CF5-A4B8-590851294983}.Release|iPhone.ActiveCfg = Release|Any CPU
		{BBA6614F-275C-4CF5-A4B8-590851294983}.Release|iPhone.Build.0 = Release|Any CPU
		{BBA6614F-275C-4CF5-A4B8-590851294983}.Release|iPhone.Deploy.0 = Release|Any CPU
		{BBA6614F-275C-4CF5-A4B8-590851294983}.Release|iPhoneSimulator.ActiveCfg = Release|Any CPU
		{BBA6614F-275C-4CF5-A4B8-590851294983}.Release|iPhoneSimulator.Build.0 = Release|Any CPU
		{BBA6614F-275C-4CF5-A4B8-590851294983}.Release|iPhoneSimulator.Deploy.0 = Release|Any CPU
		{BBA6614F-275C-4CF5-A4B8-590851294983}.Release|x64.ActiveCfg = Release|Any CPU
		{BBA6614F-275C-4CF5-A4B8-590851294983}.Release|x64.Build.0 = Release|Any CPU
		{BBA6614F-275C-4CF5-A4B8-590851294983}.Release|x64.Deploy.0 = Release|Any CPU
		{BBA6614F-275C-4CF5-A4B8-590851294983}.Release|x86.ActiveCfg = Release|x86
		{BBA6614F-275C-4CF5-A4B8-590851294983}.Release|x86.Build.0 = Release|x86
		{BBA6614F-275C-4CF5-A4B8-590851294983}.Release|x86.Deploy.0 = Release|x86
		{076299AD-AF1C-45FB-9184-532CEE064BE3}.Ad-Hoc|Any CPU.ActiveCfg = Release|x86
		{076299AD-AF1C-45FB-9184-532CEE064BE3}.Ad-Hoc|Any CPU.Build.0 = Release|x86
		{076299AD-AF1C-45FB-9184-532CEE064BE3}.Ad-Hoc|Any CPU.Deploy.0 = Release|x86
		{076299AD-AF1C-45FB-9184-532CEE064BE3}.Ad-Hoc|ARM.ActiveCfg = Release|ARM
		{076299AD-AF1C-45FB-9184-532CEE064BE3}.Ad-Hoc|ARM.Build.0 = Release|ARM
		{076299AD-AF1C-45FB-9184-532CEE064BE3}.Ad-Hoc|ARM.Deploy.0 = Release|ARM
		{076299AD-AF1C-45FB-9184-532CEE064BE3}.Ad-Hoc|iPhone.ActiveCfg = Release|x86
		{076299AD-AF1C-45FB-9184-532CEE064BE3}.Ad-Hoc|iPhone.Build.0 = Release|x86
		{076299AD-AF1C-45FB-9184-532CEE064BE3}.Ad-Hoc|iPhone.Deploy.0 = Release|x86
		{076299AD-AF1C-45FB-9184-532CEE064BE3}.Ad-Hoc|iPhoneSimulator.ActiveCfg = Release|x86
		{076299AD-AF1C-45FB-9184-532CEE064BE3}.Ad-Hoc|iPhoneSimulator.Build.0 = Release|x86
		{076299AD-AF1C-45FB-9184-532CEE064BE3}.Ad-Hoc|iPhoneSimulator.Deploy.0 = Release|x86
		{076299AD-AF1C-45FB-9184-532CEE064BE3}.Ad-Hoc|x64.ActiveCfg = Release|x64
		{076299AD-AF1C-45FB-9184-532CEE064BE3}.Ad-Hoc|x64.Build.0 = Release|x64
		{076299AD-AF1C-45FB-9184-532CEE064BE3}.Ad-Hoc|x64.Deploy.0 = Release|x64
		{076299AD-AF1C-45FB-9184-532CEE064BE3}.Ad-Hoc|x86.ActiveCfg = Release|x86
		{076299AD-AF1C-45FB-9184-532CEE064BE3}.Ad-Hoc|x86.Build.0 = Release|x86
		{076299AD-AF1C-45FB-9184-532CEE064BE3}.Ad-Hoc|x86.Deploy.0 = Release|x86
		{076299AD-AF1C-45FB-9184-532CEE064BE3}.AppStore|Any CPU.ActiveCfg = Release|x86
		{076299AD-AF1C-45FB-9184-532CEE064BE3}.AppStore|Any CPU.Build.0 = Release|x86
		{076299AD-AF1C-45FB-9184-532CEE064BE3}.AppStore|Any CPU.Deploy.0 = Release|x86
		{076299AD-AF1C-45FB-9184-532CEE064BE3}.AppStore|ARM.ActiveCfg = Release|ARM
		{076299AD-AF1C-45FB-9184-532CEE064BE3}.AppStore|ARM.Build.0 = Release|ARM
		{076299AD-AF1C-45FB-9184-532CEE064BE3}.AppStore|ARM.Deploy.0 = Release|ARM
		{076299AD-AF1C-45FB-9184-532CEE064BE3}.AppStore|iPhone.ActiveCfg = Release|x86
		{076299AD-AF1C-45FB-9184-532CEE064BE3}.AppStore|iPhone.Build.0 = Release|x86
		{076299AD-AF1C-45FB-9184-532CEE064BE3}.AppStore|iPhone.Deploy.0 = Release|x86
		{076299AD-AF1C-45FB-9184-532CEE064BE3}.AppStore|iPhoneSimulator.ActiveCfg = Release|x86
		{076299AD-AF1C-45FB-9184-532CEE064BE3}.AppStore|iPhoneSimulator.Build.0 = Release|x86
		{076299AD-AF1C-45FB-9184-532CEE064BE3}.AppStore|iPhoneSimulator.Deploy.0 = Release|x86
		{076299AD-AF1C-45FB-9184-532CEE064BE3}.AppStore|x64.ActiveCfg = Release|x64
		{076299AD-AF1C-45FB-9184-532CEE064BE3}.AppStore|x64.Build.0 = Release|x64
		{076299AD-AF1C-45FB-9184-532CEE064BE3}.AppStore|x64.Deploy.0 = Release|x64
		{076299AD-AF1C-45FB-9184-532CEE064BE3}.AppStore|x86.ActiveCfg = Release|x86
		{076299AD-AF1C-45FB-9184-532CEE064BE3}.AppStore|x86.Build.0 = Release|x86
		{076299AD-AF1C-45FB-9184-532CEE064BE3}.AppStore|x86.Deploy.0 = Release|x86
		{076299AD-AF1C-45FB-9184-532CEE064BE3}.Debug|Any CPU.ActiveCfg = Debug|x64
		{076299AD-AF1C-45FB-9184-532CEE064BE3}.Debug|ARM.ActiveCfg = Debug|ARM
		{076299AD-AF1C-45FB-9184-532CEE064BE3}.Debug|ARM.Build.0 = Debug|ARM
		{076299AD-AF1C-45FB-9184-532CEE064BE3}.Debug|ARM.Deploy.0 = Debug|ARM
		{076299AD-AF1C-45FB-9184-532CEE064BE3}.Debug|iPhone.ActiveCfg = Debug|x86
		{076299AD-AF1C-45FB-9184-532CEE064BE3}.Debug|iPhoneSimulator.ActiveCfg = Debug|x86
		{076299AD-AF1C-45FB-9184-532CEE064BE3}.Debug|x64.ActiveCfg = Debug|x64
		{076299AD-AF1C-45FB-9184-532CEE064BE3}.Debug|x64.Build.0 = Debug|x64
		{076299AD-AF1C-45FB-9184-532CEE064BE3}.Debug|x64.Deploy.0 = Debug|x64
		{076299AD-AF1C-45FB-9184-532CEE064BE3}.Debug|x86.ActiveCfg = Debug|x86
		{076299AD-AF1C-45FB-9184-532CEE064BE3}.Debug|x86.Build.0 = Debug|x86
		{076299AD-AF1C-45FB-9184-532CEE064BE3}.Debug|x86.Deploy.0 = Debug|x86
		{076299AD-AF1C-45FB-9184-532CEE064BE3}.Release|Any CPU.ActiveCfg = Release|x86
		{076299AD-AF1C-45FB-9184-532CEE064BE3}.Release|ARM.ActiveCfg = Release|ARM
		{076299AD-AF1C-45FB-9184-532CEE064BE3}.Release|ARM.Build.0 = Release|ARM
		{076299AD-AF1C-45FB-9184-532CEE064BE3}.Release|ARM.Deploy.0 = Release|ARM
		{076299AD-AF1C-45FB-9184-532CEE064BE3}.Release|iPhone.ActiveCfg = Release|x86
		{076299AD-AF1C-45FB-9184-532CEE064BE3}.Release|iPhoneSimulator.ActiveCfg = Release|x86
		{076299AD-AF1C-45FB-9184-532CEE064BE3}.Release|x64.ActiveCfg = Release|x64
		{076299AD-AF1C-45FB-9184-532CEE064BE3}.Release|x64.Build.0 = Release|x64
		{076299AD-AF1C-45FB-9184-532CEE064BE3}.Release|x64.Deploy.0 = Release|x64
		{076299AD-AF1C-45FB-9184-532CEE064BE3}.Release|x86.ActiveCfg = Release|x86
		{076299AD-AF1C-45FB-9184-532CEE064BE3}.Release|x86.Build.0 = Release|x86
		{076299AD-AF1C-45FB-9184-532CEE064BE3}.Release|x86.Deploy.0 = Release|x86
		{EA47FD35-F377-4B8C-8065-B9EA9F02D2B6}.Ad-Hoc|Any CPU.ActiveCfg = Release|Any CPU
		{EA47FD35-F377-4B8C-8065-B9EA9F02D2B6}.Ad-Hoc|Any CPU.Build.0 = Release|Any CPU
		{EA47FD35-F377-4B8C-8065-B9EA9F02D2B6}.Ad-Hoc|Any CPU.Deploy.0 = Release|Any CPU
		{EA47FD35-F377-4B8C-8065-B9EA9F02D2B6}.Ad-Hoc|ARM.ActiveCfg = Release|ARM
		{EA47FD35-F377-4B8C-8065-B9EA9F02D2B6}.Ad-Hoc|ARM.Build.0 = Release|ARM
		{EA47FD35-F377-4B8C-8065-B9EA9F02D2B6}.Ad-Hoc|ARM.Deploy.0 = Release|ARM
		{EA47FD35-F377-4B8C-8065-B9EA9F02D2B6}.Ad-Hoc|iPhone.ActiveCfg = Release|Any CPU
		{EA47FD35-F377-4B8C-8065-B9EA9F02D2B6}.Ad-Hoc|iPhone.Build.0 = Release|Any CPU
		{EA47FD35-F377-4B8C-8065-B9EA9F02D2B6}.Ad-Hoc|iPhone.Deploy.0 = Release|Any CPU
		{EA47FD35-F377-4B8C-8065-B9EA9F02D2B6}.Ad-Hoc|iPhoneSimulator.ActiveCfg = Release|Any CPU
		{EA47FD35-F377-4B8C-8065-B9EA9F02D2B6}.Ad-Hoc|iPhoneSimulator.Build.0 = Release|Any CPU
		{EA47FD35-F377-4B8C-8065-B9EA9F02D2B6}.Ad-Hoc|iPhoneSimulator.Deploy.0 = Release|Any CPU
		{EA47FD35-F377-4B8C-8065-B9EA9F02D2B6}.Ad-Hoc|x64.ActiveCfg = Release|x64
		{EA47FD35-F377-4B8C-8065-B9EA9F02D2B6}.Ad-Hoc|x64.Build.0 = Release|x64
		{EA47FD35-F377-4B8C-8065-B9EA9F02D2B6}.Ad-Hoc|x64.Deploy.0 = Release|x64
		{EA47FD35-F377-4B8C-8065-B9EA9F02D2B6}.Ad-Hoc|x86.ActiveCfg = Release|x86
		{EA47FD35-F377-4B8C-8065-B9EA9F02D2B6}.Ad-Hoc|x86.Build.0 = Release|x86
		{EA47FD35-F377-4B8C-8065-B9EA9F02D2B6}.Ad-Hoc|x86.Deploy.0 = Release|x86
		{EA47FD35-F377-4B8C-8065-B9EA9F02D2B6}.AppStore|Any CPU.ActiveCfg = Release|Any CPU
		{EA47FD35-F377-4B8C-8065-B9EA9F02D2B6}.AppStore|Any CPU.Build.0 = Release|Any CPU
		{EA47FD35-F377-4B8C-8065-B9EA9F02D2B6}.AppStore|Any CPU.Deploy.0 = Release|Any CPU
		{EA47FD35-F377-4B8C-8065-B9EA9F02D2B6}.AppStore|ARM.ActiveCfg = Release|ARM
		{EA47FD35-F377-4B8C-8065-B9EA9F02D2B6}.AppStore|ARM.Build.0 = Release|ARM
		{EA47FD35-F377-4B8C-8065-B9EA9F02D2B6}.AppStore|ARM.Deploy.0 = Release|ARM
		{EA47FD35-F377-4B8C-8065-B9EA9F02D2B6}.AppStore|iPhone.ActiveCfg = Release|Any CPU
		{EA47FD35-F377-4B8C-8065-B9EA9F02D2B6}.AppStore|iPhone.Build.0 = Release|Any CPU
		{EA47FD35-F377-4B8C-8065-B9EA9F02D2B6}.AppStore|iPhone.Deploy.0 = Release|Any CPU
		{EA47FD35-F377-4B8C-8065-B9EA9F02D2B6}.AppStore|iPhoneSimulator.ActiveCfg = Release|Any CPU
		{EA47FD35-F377-4B8C-8065-B9EA9F02D2B6}.AppStore|iPhoneSimulator.Build.0 = Release|Any CPU
		{EA47FD35-F377-4B8C-8065-B9EA9F02D2B6}.AppStore|iPhoneSimulator.Deploy.0 = Release|Any CPU
		{EA47FD35-F377-4B8C-8065-B9EA9F02D2B6}.AppStore|x64.ActiveCfg = Release|x64
		{EA47FD35-F377-4B8C-8065-B9EA9F02D2B6}.AppStore|x64.Build.0 = Release|x64
		{EA47FD35-F377-4B8C-8065-B9EA9F02D2B6}.AppStore|x64.Deploy.0 = Release|x64
		{EA47FD35-F377-4B8C-8065-B9EA9F02D2B6}.AppStore|x86.ActiveCfg = Release|x86
		{EA47FD35-F377-4B8C-8065-B9EA9F02D2B6}.AppStore|x86.Build.0 = Release|x86
		{EA47FD35-F377-4B8C-8065-B9EA9F02D2B6}.AppStore|x86.Deploy.0 = Release|x86
		{EA47FD35-F377-4B8C-8065-B9EA9F02D2B6}.Debug|Any CPU.ActiveCfg = Debug|Any CPU
		{EA47FD35-F377-4B8C-8065-B9EA9F02D2B6}.Debug|ARM.ActiveCfg = Debug|ARM
		{EA47FD35-F377-4B8C-8065-B9EA9F02D2B6}.Debug|ARM.Build.0 = Debug|ARM
		{EA47FD35-F377-4B8C-8065-B9EA9F02D2B6}.Debug|ARM.Deploy.0 = Debug|ARM
		{EA47FD35-F377-4B8C-8065-B9EA9F02D2B6}.Debug|iPhone.ActiveCfg = Debug|Any CPU
		{EA47FD35-F377-4B8C-8065-B9EA9F02D2B6}.Debug|iPhone.Build.0 = Debug|Any CPU
		{EA47FD35-F377-4B8C-8065-B9EA9F02D2B6}.Debug|iPhone.Deploy.0 = Debug|Any CPU
		{EA47FD35-F377-4B8C-8065-B9EA9F02D2B6}.Debug|iPhoneSimulator.ActiveCfg = Debug|Any CPU
		{EA47FD35-F377-4B8C-8065-B9EA9F02D2B6}.Debug|iPhoneSimulator.Build.0 = Debug|Any CPU
		{EA47FD35-F377-4B8C-8065-B9EA9F02D2B6}.Debug|iPhoneSimulator.Deploy.0 = Debug|Any CPU
		{EA47FD35-F377-4B8C-8065-B9EA9F02D2B6}.Debug|x64.ActiveCfg = Debug|x64
		{EA47FD35-F377-4B8C-8065-B9EA9F02D2B6}.Debug|x64.Build.0 = Debug|x64
		{EA47FD35-F377-4B8C-8065-B9EA9F02D2B6}.Debug|x64.Deploy.0 = Debug|x64
		{EA47FD35-F377-4B8C-8065-B9EA9F02D2B6}.Debug|x86.ActiveCfg = Debug|x86
		{EA47FD35-F377-4B8C-8065-B9EA9F02D2B6}.Debug|x86.Build.0 = Debug|x86
		{EA47FD35-F377-4B8C-8065-B9EA9F02D2B6}.Debug|x86.Deploy.0 = Debug|x86
		{EA47FD35-F377-4B8C-8065-B9EA9F02D2B6}.Release|Any CPU.ActiveCfg = Release|Any CPU
		{EA47FD35-F377-4B8C-8065-B9EA9F02D2B6}.Release|Any CPU.Build.0 = Release|Any CPU
		{EA47FD35-F377-4B8C-8065-B9EA9F02D2B6}.Release|Any CPU.Deploy.0 = Release|Any CPU
		{EA47FD35-F377-4B8C-8065-B9EA9F02D2B6}.Release|ARM.ActiveCfg = Release|ARM
		{EA47FD35-F377-4B8C-8065-B9EA9F02D2B6}.Release|ARM.Build.0 = Release|ARM
		{EA47FD35-F377-4B8C-8065-B9EA9F02D2B6}.Release|ARM.Deploy.0 = Release|ARM
		{EA47FD35-F377-4B8C-8065-B9EA9F02D2B6}.Release|iPhone.ActiveCfg = Release|Any CPU
		{EA47FD35-F377-4B8C-8065-B9EA9F02D2B6}.Release|iPhone.Build.0 = Release|Any CPU
		{EA47FD35-F377-4B8C-8065-B9EA9F02D2B6}.Release|iPhone.Deploy.0 = Release|Any CPU
		{EA47FD35-F377-4B8C-8065-B9EA9F02D2B6}.Release|iPhoneSimulator.ActiveCfg = Release|Any CPU
		{EA47FD35-F377-4B8C-8065-B9EA9F02D2B6}.Release|iPhoneSimulator.Build.0 = Release|Any CPU
		{EA47FD35-F377-4B8C-8065-B9EA9F02D2B6}.Release|iPhoneSimulator.Deploy.0 = Release|Any CPU
		{EA47FD35-F377-4B8C-8065-B9EA9F02D2B6}.Release|x64.ActiveCfg = Release|x64
		{EA47FD35-F377-4B8C-8065-B9EA9F02D2B6}.Release|x64.Build.0 = Release|x64
		{EA47FD35-F377-4B8C-8065-B9EA9F02D2B6}.Release|x64.Deploy.0 = Release|x64
		{EA47FD35-F377-4B8C-8065-B9EA9F02D2B6}.Release|x86.ActiveCfg = Release|x86
		{EA47FD35-F377-4B8C-8065-B9EA9F02D2B6}.Release|x86.Build.0 = Release|x86
		{EA47FD35-F377-4B8C-8065-B9EA9F02D2B6}.Release|x86.Deploy.0 = Release|x86
		{9E8D1A07-CA77-43BF-8195-57BBE959F81B}.Ad-Hoc|Any CPU.ActiveCfg = Release|Any CPU
		{9E8D1A07-CA77-43BF-8195-57BBE959F81B}.Ad-Hoc|Any CPU.Build.0 = Release|Any CPU
		{9E8D1A07-CA77-43BF-8195-57BBE959F81B}.Ad-Hoc|ARM.ActiveCfg = Release|Any CPU
		{9E8D1A07-CA77-43BF-8195-57BBE959F81B}.Ad-Hoc|ARM.Build.0 = Release|Any CPU
		{9E8D1A07-CA77-43BF-8195-57BBE959F81B}.Ad-Hoc|iPhone.ActiveCfg = Release|Any CPU
		{9E8D1A07-CA77-43BF-8195-57BBE959F81B}.Ad-Hoc|iPhone.Build.0 = Release|Any CPU
		{9E8D1A07-CA77-43BF-8195-57BBE959F81B}.Ad-Hoc|iPhoneSimulator.ActiveCfg = Release|Any CPU
		{9E8D1A07-CA77-43BF-8195-57BBE959F81B}.Ad-Hoc|iPhoneSimulator.Build.0 = Release|Any CPU
		{9E8D1A07-CA77-43BF-8195-57BBE959F81B}.Ad-Hoc|x64.ActiveCfg = Release|Any CPU
		{9E8D1A07-CA77-43BF-8195-57BBE959F81B}.Ad-Hoc|x64.Build.0 = Release|Any CPU
		{9E8D1A07-CA77-43BF-8195-57BBE959F81B}.Ad-Hoc|x86.ActiveCfg = Release|Any CPU
		{9E8D1A07-CA77-43BF-8195-57BBE959F81B}.Ad-Hoc|x86.Build.0 = Release|Any CPU
		{9E8D1A07-CA77-43BF-8195-57BBE959F81B}.AppStore|Any CPU.ActiveCfg = Release|Any CPU
		{9E8D1A07-CA77-43BF-8195-57BBE959F81B}.AppStore|Any CPU.Build.0 = Release|Any CPU
		{9E8D1A07-CA77-43BF-8195-57BBE959F81B}.AppStore|ARM.ActiveCfg = Release|Any CPU
		{9E8D1A07-CA77-43BF-8195-57BBE959F81B}.AppStore|ARM.Build.0 = Release|Any CPU
		{9E8D1A07-CA77-43BF-8195-57BBE959F81B}.AppStore|iPhone.ActiveCfg = Release|Any CPU
		{9E8D1A07-CA77-43BF-8195-57BBE959F81B}.AppStore|iPhone.Build.0 = Release|Any CPU
		{9E8D1A07-CA77-43BF-8195-57BBE959F81B}.AppStore|iPhoneSimulator.ActiveCfg = Release|Any CPU
		{9E8D1A07-CA77-43BF-8195-57BBE959F81B}.AppStore|iPhoneSimulator.Build.0 = Release|Any CPU
		{9E8D1A07-CA77-43BF-8195-57BBE959F81B}.AppStore|x64.ActiveCfg = Release|Any CPU
		{9E8D1A07-CA77-43BF-8195-57BBE959F81B}.AppStore|x64.Build.0 = Release|Any CPU
		{9E8D1A07-CA77-43BF-8195-57BBE959F81B}.AppStore|x86.ActiveCfg = Release|Any CPU
		{9E8D1A07-CA77-43BF-8195-57BBE959F81B}.AppStore|x86.Build.0 = Release|Any CPU
		{9E8D1A07-CA77-43BF-8195-57BBE959F81B}.Debug|Any CPU.ActiveCfg = Debug|Any CPU
		{9E8D1A07-CA77-43BF-8195-57BBE959F81B}.Debug|Any CPU.Build.0 = Debug|Any CPU
		{9E8D1A07-CA77-43BF-8195-57BBE959F81B}.Debug|ARM.ActiveCfg = Debug|Any CPU
		{9E8D1A07-CA77-43BF-8195-57BBE959F81B}.Debug|ARM.Build.0 = Debug|Any CPU
		{9E8D1A07-CA77-43BF-8195-57BBE959F81B}.Debug|iPhone.ActiveCfg = Debug|Any CPU
		{9E8D1A07-CA77-43BF-8195-57BBE959F81B}.Debug|iPhone.Build.0 = Debug|Any CPU
		{9E8D1A07-CA77-43BF-8195-57BBE959F81B}.Debug|iPhoneSimulator.ActiveCfg = Debug|Any CPU
		{9E8D1A07-CA77-43BF-8195-57BBE959F81B}.Debug|iPhoneSimulator.Build.0 = Debug|Any CPU
		{9E8D1A07-CA77-43BF-8195-57BBE959F81B}.Debug|x64.ActiveCfg = Debug|Any CPU
		{9E8D1A07-CA77-43BF-8195-57BBE959F81B}.Debug|x64.Build.0 = Debug|Any CPU
		{9E8D1A07-CA77-43BF-8195-57BBE959F81B}.Debug|x86.ActiveCfg = Debug|Any CPU
		{9E8D1A07-CA77-43BF-8195-57BBE959F81B}.Debug|x86.Build.0 = Debug|Any CPU
		{9E8D1A07-CA77-43BF-8195-57BBE959F81B}.Release|Any CPU.ActiveCfg = Release|Any CPU
		{9E8D1A07-CA77-43BF-8195-57BBE959F81B}.Release|Any CPU.Build.0 = Release|Any CPU
		{9E8D1A07-CA77-43BF-8195-57BBE959F81B}.Release|ARM.ActiveCfg = Release|Any CPU
		{9E8D1A07-CA77-43BF-8195-57BBE959F81B}.Release|ARM.Build.0 = Release|Any CPU
		{9E8D1A07-CA77-43BF-8195-57BBE959F81B}.Release|iPhone.ActiveCfg = Release|Any CPU
		{9E8D1A07-CA77-43BF-8195-57BBE959F81B}.Release|iPhone.Build.0 = Release|Any CPU
		{9E8D1A07-CA77-43BF-8195-57BBE959F81B}.Release|iPhoneSimulator.ActiveCfg = Release|Any CPU
		{9E8D1A07-CA77-43BF-8195-57BBE959F81B}.Release|iPhoneSimulator.Build.0 = Release|Any CPU
		{9E8D1A07-CA77-43BF-8195-57BBE959F81B}.Release|x64.ActiveCfg = Release|Any CPU
		{9E8D1A07-CA77-43BF-8195-57BBE959F81B}.Release|x64.Build.0 = Release|Any CPU
		{9E8D1A07-CA77-43BF-8195-57BBE959F81B}.Release|x86.ActiveCfg = Release|Any CPU
		{9E8D1A07-CA77-43BF-8195-57BBE959F81B}.Release|x86.Build.0 = Release|Any CPU
	EndGlobalSection
	GlobalSection(SolutionProperties) = preSolution
		HideSolutionNode = FALSE
	EndGlobalSection
EndGlobal
